
Microsoft Visual Studio Solution File, Format Version 12.00
# Visual Studio 15
VisualStudioVersion = 15.0.27130.2027
MinimumVisualStudioVersion = 10.0.40219.1
Project("{FAE04EC0-301F-11D3-BF4B-00C04F79EFBC}") = "ReportErrorParser", "ReportErrorParser\ReportErrorParser.csproj", "{98C203A5-7F66-4303-A02A-2BA476461458}"
EndProject
Global
	GlobalSection(SolutionConfigurationPlatforms) = preSolution
		Debug|Any CPU = Debug|Any CPU
		Release|Any CPU = Release|Any CPU
	EndGlobalSection
	GlobalSection(ProjectConfigurationPlatforms) = postSolution
		{98C203A5-7F66-4303-A02A-2BA476461458}.Debug|Any CPU.ActiveCfg = Debug|Any CPU
		{98C203A5-7F66-4303-A02A-2BA476461458}.Debug|Any CPU.Build.0 = Debug|Any CPU
		{98C203A5-7F66-4303-A02A-2BA476461458}.Release|Any CPU.ActiveCfg = Release|Any CPU
		{98C203A5-7F66-4303-A02A-2BA476461458}.Release|Any CPU.Build.0 = Release|Any CPU
	EndGlobalSection
	GlobalSection(SolutionProperties) = preSolution
		HideSolutionNode = FALSE
	EndGlobalSection
	GlobalSection(ExtensibilityGlobals) = postSolution
		SolutionGuid = {066CAE74-CB61-4CEA-82F9-62A51F7C68D2}
	EndGlobalSection
EndGlobal
